
Microsoft Visual Studio Solution File, Format Version 12.00
# Visual Studio 14
VisualStudioVersion = 14.0.24720.0
MinimumVisualStudioVersion = 10.0.40219.1
Project("{FAE04EC0-301F-11D3-BF4B-00C04F79EFBC}") = "Replayer", "Replayer\Replayer.csproj", "{A55B7B7A-E718-4E1C-B91F-5022CB111CC5}"
EndProject
Project("{8BC9CEB8-8B4A-11D0-8D11-00A0C91BC942}") = "ReplayInjector", "ReplayInjector\ReplayInjector.vcxproj", "{D0C90CAC-4339-4816-B8F3-4A6DA418E9FA}"
	ProjectSection(ProjectDependencies) = postProject
		{E76F38AE-7BF9-4007-B839-F44E54890D46} = {E76F38AE-7BF9-4007-B839-F44E54890D46}
	EndProjectSection
EndProject
Project("{8BC9CEB8-8B4A-11D0-8D11-00A0C91BC942}") = "ReplayUtils", "ReplayUtils\ReplayUtils.vcxproj", "{A7791B4A-B43C-4C47-9985-E9432CB504F5}"
	ProjectSection(ProjectDependencies) = postProject
		{23DDFCA0-F470-4280-AA25-74CFE0080CBD} = {23DDFCA0-F470-4280-AA25-74CFE0080CBD}
	EndProjectSection
EndProject
Project("{8BC9CEB8-8B4A-11D0-8D11-00A0C91BC942}") = "FuncHooker", "external\FunctionHooker\FuncHooker\FuncHooker.vcxproj", "{E28C3F78-5675-49D3-9E26-CF4A392063B0}"
	ProjectSection(ProjectDependencies) = postProject
		{F83EDD2C-AE5C-4FC4-919F-73D72A9F131C} = {F83EDD2C-AE5C-4FC4-919F-73D72A9F131C}
		{23DDFCA0-F470-4280-AA25-74CFE0080CBD} = {23DDFCA0-F470-4280-AA25-74CFE0080CBD}
	EndProjectSection
EndProject
Project("{8BC9CEB8-8B4A-11D0-8D11-00A0C91BC942}") = "OSUtilities", "external\FunctionHooker\OSUtilities\OSUtilities.vcxproj", "{23DDFCA0-F470-4280-AA25-74CFE0080CBD}"
EndProject
Project("{8BC9CEB8-8B4A-11D0-8D11-00A0C91BC942}") = "RemoteExecution", "external\FunctionHooker\RemoteExecution\RemoteExecution.vcxproj", "{E76F38AE-7BF9-4007-B839-F44E54890D46}"
	ProjectSection(ProjectDependencies) = postProject
		{E28C3F78-5675-49D3-9E26-CF4A392063B0} = {E28C3F78-5675-49D3-9E26-CF4A392063B0}
		{23DDFCA0-F470-4280-AA25-74CFE0080CBD} = {23DDFCA0-F470-4280-AA25-74CFE0080CBD}
	EndProjectSection
EndProject
Project("{8BC9CEB8-8B4A-11D0-8D11-00A0C91BC942}") = "udis86", "external\FunctionHooker\external\udis86\1.7.2\udis86.vcxproj", "{F83EDD2C-AE5C-4FC4-919F-73D72A9F131C}"
EndProject
Project("{2150E333-8FDC-42A3-9474-1A3956D46DE8}") = "external", "external", "{DFDCF3C4-E230-4F9F-AC6E-258D6FF9F137}"
EndProject
Project("{8BC9CEB8-8B4A-11D0-8D11-00A0C91BC942}") = "zlib", "external\zlib\1.2.3.5\zlib.vcxproj", "{27B736F2-AD2F-492D-A074-8654C94487A5}"
EndProject
Project("{8BC9CEB8-8B4A-11D0-8D11-00A0C91BC942}") = "Record", "Record\Record.vcxproj", "{5DEC89FD-7B64-4C57-8D20-11D79C1FBFCC}"
EndProject
Project("{8BC9CEB8-8B4A-11D0-8D11-00A0C91BC942}") = "Replay", "Replay\Replay.vcxproj", "{7FDB47D0-23FD-49A9-BCEA-F30B4AEC4110}"
EndProject
Global
	GlobalSection(SolutionConfigurationPlatforms) = preSolution
		Debug|x64 = Debug|x64
		Debug|x86 = Debug|x86
		Release|x64 = Release|x64
		Release|x86 = Release|x86
	EndGlobalSection
	GlobalSection(ProjectConfigurationPlatforms) = postSolution
		{A55B7B7A-E718-4E1C-B91F-5022CB111CC5}.Debug|x64.ActiveCfg = Debug|x64
		{A55B7B7A-E718-4E1C-B91F-5022CB111CC5}.Debug|x64.Build.0 = Debug|x64
		{A55B7B7A-E718-4E1C-B91F-5022CB111CC5}.Debug|x86.ActiveCfg = Debug|x86
		{A55B7B7A-E718-4E1C-B91F-5022CB111CC5}.Debug|x86.Build.0 = Debug|x86
		{A55B7B7A-E718-4E1C-B91F-5022CB111CC5}.Release|x64.ActiveCfg = Release|x64
		{A55B7B7A-E718-4E1C-B91F-5022CB111CC5}.Release|x64.Build.0 = Release|x64
		{A55B7B7A-E718-4E1C-B91F-5022CB111CC5}.Release|x86.ActiveCfg = Release|x86
		{A55B7B7A-E718-4E1C-B91F-5022CB111CC5}.Release|x86.Build.0 = Release|x86
		{D0C90CAC-4339-4816-B8F3-4A6DA418E9FA}.Debug|x64.ActiveCfg = Debug|x64
		{D0C90CAC-4339-4816-B8F3-4A6DA418E9FA}.Debug|x64.Build.0 = Debug|x64
		{D0C90CAC-4339-4816-B8F3-4A6DA418E9FA}.Debug|x86.ActiveCfg = Debug|Win32
		{D0C90CAC-4339-4816-B8F3-4A6DA418E9FA}.Debug|x86.Build.0 = Debug|Win32
		{D0C90CAC-4339-4816-B8F3-4A6DA418E9FA}.Release|x64.ActiveCfg = Release|x64
		{D0C90CAC-4339-4816-B8F3-4A6DA418E9FA}.Release|x64.Build.0 = Release|x64
		{D0C90CAC-4339-4816-B8F3-4A6DA418E9FA}.Release|x86.ActiveCfg = Release|Win32
		{D0C90CAC-4339-4816-B8F3-4A6DA418E9FA}.Release|x86.Build.0 = Release|Win32
		{A7791B4A-B43C-4C47-9985-E9432CB504F5}.Debug|x64.ActiveCfg = Debug|x64
		{A7791B4A-B43C-4C47-9985-E9432CB504F5}.Debug|x64.Build.0 = Debug|x64
		{A7791B4A-B43C-4C47-9985-E9432CB504F5}.Debug|x86.ActiveCfg = Debug|Win32
		{A7791B4A-B43C-4C47-9985-E9432CB504F5}.Debug|x86.Build.0 = Debug|Win32
		{A7791B4A-B43C-4C47-9985-E9432CB504F5}.Release|x64.ActiveCfg = Release|x64
		{A7791B4A-B43C-4C47-9985-E9432CB504F5}.Release|x64.Build.0 = Release|x64
		{A7791B4A-B43C-4C47-9985-E9432CB504F5}.Release|x86.ActiveCfg = Release|Win32
		{A7791B4A-B43C-4C47-9985-E9432CB504F5}.Release|x86.Build.0 = Release|Win32
		{E28C3F78-5675-49D3-9E26-CF4A392063B0}.Debug|x64.ActiveCfg = Debug|x64
		{E28C3F78-5675-49D3-9E26-CF4A392063B0}.Debug|x64.Build.0 = Debug|x64
		{E28C3F78-5675-49D3-9E26-CF4A392063B0}.Debug|x86.ActiveCfg = Debug|Win32
		{E28C3F78-5675-49D3-9E26-CF4A392063B0}.Debug|x86.Build.0 = Debug|Win32
		{E28C3F78-5675-49D3-9E26-CF4A392063B0}.Release|x64.ActiveCfg = Release|x64
		{E28C3F78-5675-49D3-9E26-CF4A392063B0}.Release|x64.Build.0 = Release|x64
		{E28C3F78-5675-49D3-9E26-CF4A392063B0}.Release|x86.ActiveCfg = Release|Win32
		{E28C3F78-5675-49D3-9E26-CF4A392063B0}.Release|x86.Build.0 = Release|Win32
		{23DDFCA0-F470-4280-AA25-74CFE0080CBD}.Debug|x64.ActiveCfg = Debug|x64
		{23DDFCA0-F470-4280-AA25-74CFE0080CBD}.Debug|x64.Build.0 = Debug|x64
		{23DDFCA0-F470-4280-AA25-74CFE0080CBD}.Debug|x86.ActiveCfg = Debug|Win32
		{23DDFCA0-F470-4280-AA25-74CFE0080CBD}.Debug|x86.Build.0 = Debug|Win32
		{23DDFCA0-F470-4280-AA25-74CFE0080CBD}.Release|x64.ActiveCfg = Release|x64
		{23DDFCA0-F470-4280-AA25-74CFE0080CBD}.Release|x64.Build.0 = Release|x64
		{23DDFCA0-F470-4280-AA25-74CFE0080CBD}.Release|x86.ActiveCfg = Release|Win32
		{23DDFCA0-F470-4280-AA25-74CFE0080CBD}.Release|x86.Build.0 = Release|Win32
		{E76F38AE-7BF9-4007-B839-F44E54890D46}.Debug|x64.ActiveCfg = Debug|x64
		{E76F38AE-7BF9-4007-B839-F44E54890D46}.Debug|x64.Build.0 = Debug|x64
		{E76F38AE-7BF9-4007-B839-F44E54890D46}.Debug|x86.ActiveCfg = Debug|Win32
		{E76F38AE-7BF9-4007-B839-F44E54890D46}.Debug|x86.Build.0 = Debug|Win32
		{E76F38AE-7BF9-4007-B839-F44E54890D46}.Release|x64.ActiveCfg = Release|x64
		{E76F38AE-7BF9-4007-B839-F44E54890D46}.Release|x64.Build.0 = Release|x64
		{E76F38AE-7BF9-4007-B839-F44E54890D46}.Release|x86.ActiveCfg = Release|Win32
		{E76F38AE-7BF9-4007-B839-F44E54890D46}.Release|x86.Build.0 = Release|Win32
		{F83EDD2C-AE5C-4FC4-919F-73D72A9F131C}.Debug|x64.ActiveCfg = Debug|x64
		{F83EDD2C-AE5C-4FC4-919F-73D72A9F131C}.Debug|x64.Build.0 = Debug|x64
		{F83EDD2C-AE5C-4FC4-919F-73D72A9F131C}.Debug|x86.ActiveCfg = Debug|Win32
		{F83EDD2C-AE5C-4FC4-919F-73D72A9F131C}.Debug|x86.Build.0 = Debug|Win32
		{F83EDD2C-AE5C-4FC4-919F-73D72A9F131C}.Release|x64.ActiveCfg = Release|x64
		{F83EDD2C-AE5C-4FC4-919F-73D72A9F131C}.Release|x64.Build.0 = Release|x64
		{F83EDD2C-AE5C-4FC4-919F-73D72A9F131C}.Release|x86.ActiveCfg = Release|Win32
		{F83EDD2C-AE5C-4FC4-919F-73D72A9F131C}.Release|x86.Build.0 = Release|Win32
		{27B736F2-AD2F-492D-A074-8654C94487A5}.Debug|x64.ActiveCfg = Debug|x64
		{27B736F2-AD2F-492D-A074-8654C94487A5}.Debug|x64.Build.0 = Debug|x64
		{27B736F2-AD2F-492D-A074-8654C94487A5}.Debug|x86.ActiveCfg = Debug|Win32
		{27B736F2-AD2F-492D-A074-8654C94487A5}.Debug|x86.Build.0 = Debug|Win32
		{27B736F2-AD2F-492D-A074-8654C94487A5}.Release|x64.ActiveCfg = Release|x64
		{27B736F2-AD2F-492D-A074-8654C94487A5}.Release|x64.Build.0 = Release|x64
		{27B736F2-AD2F-492D-A074-8654C94487A5}.Release|x86.ActiveCfg = Release|Win32
		{27B736F2-AD2F-492D-A074-8654C94487A5}.Release|x86.Build.0 = Release|Win32
		{5DEC89FD-7B64-4C57-8D20-11D79C1FBFCC}.Debug|x64.ActiveCfg = Debug|x64
		{5DEC89FD-7B64-4C57-8D20-11D79C1FBFCC}.Debug|x64.Build.0 = Debug|x64
		{5DEC89FD-7B64-4C57-8D20-11D79C1FBFCC}.Debug|x86.ActiveCfg = Debug|Win32
		{5DEC89FD-7B64-4C57-8D20-11D79C1FBFCC}.Debug|x86.Build.0 = Debug|Win32
		{5DEC89FD-7B64-4C57-8D20-11D79C1FBFCC}.Release|x64.ActiveCfg = Release|x64
		{5DEC89FD-7B64-4C57-8D20-11D79C1FBFCC}.Release|x64.Build.0 = Release|x64
		{5DEC89FD-7B64-4C57-8D20-11D79C1FBFCC}.Release|x86.ActiveCfg = Release|Win32
		{5DEC89FD-7B64-4C57-8D20-11D79C1FBFCC}.Release|x86.Build.0 = Release|Win32
		{7FDB47D0-23FD-49A9-BCEA-F30B4AEC4110}.Debug|x64.ActiveCfg = Debug|x64
		{7FDB47D0-23FD-49A9-BCEA-F30B4AEC4110}.Debug|x64.Build.0 = Debug|x64
		{7FDB47D0-23FD-49A9-BCEA-F30B4AEC4110}.Debug|x86.ActiveCfg = Debug|Win32
		{7FDB47D0-23FD-49A9-BCEA-F30B4AEC4110}.Debug|x86.Build.0 = Debug|Win32
		{7FDB47D0-23FD-49A9-BCEA-F30B4AEC4110}.Release|x64.ActiveCfg = Release|x64
		{7FDB47D0-23FD-49A9-BCEA-F30B4AEC4110}.Release|x64.Build.0 = Release|x64
		{7FDB47D0-23FD-49A9-BCEA-F30B4AEC4110}.Release|x86.ActiveCfg = Release|Win32
		{7FDB47D0-23FD-49A9-BCEA-F30B4AEC4110}.Release|x86.Build.0 = Release|Win32
	EndGlobalSection
	GlobalSection(SolutionProperties) = preSolution
		HideSolutionNode = FALSE
	EndGlobalSection
	GlobalSection(NestedProjects) = preSolution
		{E28C3F78-5675-49D3-9E26-CF4A392063B0} = {DFDCF3C4-E230-4F9F-AC6E-258D6FF9F137}
		{23DDFCA0-F470-4280-AA25-74CFE0080CBD} = {DFDCF3C4-E230-4F9F-AC6E-258D6FF9F137}
		{E76F38AE-7BF9-4007-B839-F44E54890D46} = {DFDCF3C4-E230-4F9F-AC6E-258D6FF9F137}
		{F83EDD2C-AE5C-4FC4-919F-73D72A9F131C} = {DFDCF3C4-E230-4F9F-AC6E-258D6FF9F137}
		{27B736F2-AD2F-492D-A074-8654C94487A5} = {DFDCF3C4-E230-4F9F-AC6E-258D6FF9F137}
	EndGlobalSection
EndGlobal
